// !$*UTF8*$!
{
	archiveVersion = 1;
	classes = {
	};
	objectVersion = 50;
	objects = {

/* Begin PBXBuildFile section */
		04949F6BBE1B8B67E71F371E /* Pods_PickledSwift.framework in Frameworks */ = {isa = PBXBuildFile; fileRef = 03CFC4ACF8D7891EE249F908 /* Pods_PickledSwift.framework */; };
		270338EE22EE41A000B9E1A2 /* PickledViewController.swift in Sources */ = {isa = PBXBuildFile; fileRef = 270338D122EE41A000B9E1A2 /* PickledViewController.swift */; };
		270338EF22EE41A000B9E1A2 /* PickledSlider.swift in Sources */ = {isa = PBXBuildFile; fileRef = 270338D222EE41A000B9E1A2 /* PickledSlider.swift */; };
		270338F022EE41A000B9E1A2 /* TextFieldDelegate+TextFieldShouldReturn.swift in Sources */ = {isa = PBXBuildFile; fileRef = 270338D322EE41A000B9E1A2 /* TextFieldDelegate+TextFieldShouldReturn.swift */; };
		270338F122EE41A000B9E1A2 /* PickledSwitch.swift in Sources */ = {isa = PBXBuildFile; fileRef = 270338D422EE41A000B9E1A2 /* PickledSwitch.swift */; };
		270338F222EE41A000B9E1A2 /* PickledSegmentedControl.swift in Sources */ = {isa = PBXBuildFile; fileRef = 270338D522EE41A000B9E1A2 /* PickledSegmentedControl.swift */; };
		270338F322EE41A000B9E1A2 /* PickledSwift.h in Headers */ = {isa = PBXBuildFile; fileRef = 270338D622EE41A000B9E1A2 /* PickledSwift.h */; };
		270338F422EE41A000B9E1A2 /* UIImage+ContentClippingRect.swift in Sources */ = {isa = PBXBuildFile; fileRef = 270338D722EE41A000B9E1A2 /* UIImage+ContentClippingRect.swift */; };
		270338F522EE41A000B9E1A2 /* UIColor+Hex.swift in Sources */ = {isa = PBXBuildFile; fileRef = 270338D822EE41A000B9E1A2 /* UIColor+Hex.swift */; };
		270338F622EE41A000B9E1A2 /* SimpleDate.swift in Sources */ = {isa = PBXBuildFile; fileRef = 270338D922EE41A000B9E1A2 /* SimpleDate.swift */; };
		270338F722EE41A000B9E1A2 /* PickledButton.swift in Sources */ = {isa = PBXBuildFile; fileRef = 270338DA22EE41A000B9E1A2 /* PickledButton.swift */; };
		270338F822EE41A000B9E1A2 /* PickledTextField.swift in Sources */ = {isa = PBXBuildFile; fileRef = 270338DB22EE41A000B9E1A2 /* PickledTextField.swift */; };
		270338F922EE41A000B9E1A2 /* HorizontalPicker.swift in Sources */ = {isa = PBXBuildFile; fileRef = 270338DC22EE41A000B9E1A2 /* HorizontalPicker.swift */; };
		270338FA22EE41A000B9E1A2 /* UIImage+Download.swift in Sources */ = {isa = PBXBuildFile; fileRef = 270338DD22EE41A000B9E1A2 /* UIImage+Download.swift */; };
		270338FB22EE41A000B9E1A2 /* Launchable.swift in Sources */ = {isa = PBXBuildFile; fileRef = 270338DE22EE41A000B9E1A2 /* Launchable.swift */; };
		270338FC22EE41A000B9E1A2 /* StoredProperty.swift in Sources */ = {isa = PBXBuildFile; fileRef = 270338DF22EE41A000B9E1A2 /* StoredProperty.swift */; };
		270338FD22EE41A000B9E1A2 /* PickledSearchBar.swift in Sources */ = {isa = PBXBuildFile; fileRef = 270338E022EE41A000B9E1A2 /* PickledSearchBar.swift */; };
		270338FE22EE41A000B9E1A2 /* Adjacent.swift in Sources */ = {isa = PBXBuildFile; fileRef = 270338E122EE41A000B9E1A2 /* Adjacent.swift */; };
		270338FF22EE41A000B9E1A2 /* UILabel+FontSize.swift in Sources */ = {isa = PBXBuildFile; fileRef = 270338E222EE41A000B9E1A2 /* UILabel+FontSize.swift */; };
		2703390022EE41A000B9E1A2 /* Month.swift in Sources */ = {isa = PBXBuildFile; fileRef = 270338E322EE41A000B9E1A2 /* Month.swift */; };
		2703390122EE41A000B9E1A2 /* ViewController+ShowAlert.swift in Sources */ = {isa = PBXBuildFile; fileRef = 270338E422EE41A000B9E1A2 /* ViewController+ShowAlert.swift */; };
		2703390222EE41A000B9E1A2 /* Device+ModelType.swift in Sources */ = {isa = PBXBuildFile; fileRef = 270338E522EE41A000B9E1A2 /* Device+ModelType.swift */; };
		2703390322EE41A000B9E1A2 /* UIColor+Pallet.swift in Sources */ = {isa = PBXBuildFile; fileRef = 270338E622EE41A000B9E1A2 /* UIColor+Pallet.swift */; };
		2703390422EE41A000B9E1A2 /* String+AsUIColor.swift in Sources */ = {isa = PBXBuildFile; fileRef = 270338E722EE41A000B9E1A2 /* String+AsUIColor.swift */; };
		2703390522EE41A000B9E1A2 /* Date_Extensions.swift in Sources */ = {isa = PBXBuildFile; fileRef = 270338E822EE41A000B9E1A2 /* Date_Extensions.swift */; };
		2703390622EE41A000B9E1A2 /* ReusableCell.swift in Sources */ = {isa = PBXBuildFile; fileRef = 270338E922EE41A000B9E1A2 /* ReusableCell.swift */; };
		2703390722EE41A000B9E1A2 /* PickledLabel.swift in Sources */ = {isa = PBXBuildFile; fileRef = 270338EA22EE41A000B9E1A2 /* PickledLabel.swift */; };
		2703390822EE41A000B9E1A2 /* ReusableView.swift in Sources */ = {isa = PBXBuildFile; fileRef = 270338EB22EE41A000B9E1A2 /* ReusableView.swift */; };
		2703390922EE41A000B9E1A2 /* UICircleButton.swift in Sources */ = {isa = PBXBuildFile; fileRef = 270338EC22EE41A000B9E1A2 /* UICircleButton.swift */; };
		2715C56222EE428E004F5C1E /* PickledSwift.podspec in Resources */ = {isa = PBXBuildFile; fileRef = 2715C56122EE428E004F5C1E /* PickledSwift.podspec */; };
		2724F7AE22DD650500500F03 /* PickledSwift.h in Headers */ = {isa = PBXBuildFile; fileRef = 2724F7A622DD650500500F03 /* PickledSwift.h */; settings = {ATTRIBUTES = (Public, ); }; };
		27B801DA22FE92E800043BE7 /* ViewController.swift in Sources */ = {isa = PBXBuildFile; fileRef = 27B801D922FE92E800043BE7 /* ViewController.swift */; };
		27B801DB22FE93B300043BE7 /* ViewController.swift in Sources */ = {isa = PBXBuildFile; fileRef = 27B801D922FE92E800043BE7 /* ViewController.swift */; };
		27D9DBAE22DACD7200762AD0 /* AppDelegate.swift in Sources */ = {isa = PBXBuildFile; fileRef = 27D9DBAD22DACD7200762AD0 /* AppDelegate.swift */; };
		27D9DBB322DACD7200762AD0 /* Main.storyboard in Resources */ = {isa = PBXBuildFile; fileRef = 27D9DBB122DACD7200762AD0 /* Main.storyboard */; };
		27D9DBB522DACD7300762AD0 /* Assets.xcassets in Resources */ = {isa = PBXBuildFile; fileRef = 27D9DBB422DACD7300762AD0 /* Assets.xcassets */; };
		27D9DBB822DACD7300762AD0 /* LaunchScreen.storyboard in Resources */ = {isa = PBXBuildFile; fileRef = 27D9DBB622DACD7300762AD0 /* LaunchScreen.storyboard */; };
		27EAAE77230218290057E105 /* ProportionView.swift in Sources */ = {isa = PBXBuildFile; fileRef = 27EAAE76230218290057E105 /* ProportionView.swift */; };
		27EAAE792302186C0057E105 /* ProportionalStackView.swift in Sources */ = {isa = PBXBuildFile; fileRef = 27EAAE782302186B0057E105 /* ProportionalStackView.swift */; };
		27EAAE7C23021D870057E105 /* ProportionViewOrder.swift in Sources */ = {isa = PBXBuildFile; fileRef = 27EAAE7B23021D870057E105 /* ProportionViewOrder.swift */; };
		27EAAE7E23021DCB0057E105 /* UIStackView+removeAllArrangedSubviews.swift in Sources */ = {isa = PBXBuildFile; fileRef = 27EAAE7D23021DCB0057E105 /* UIStackView+removeAllArrangedSubviews.swift */; };
		B495BD930C5E490B89C98CFE /* Pods_PickledSwiftExamples.framework in Frameworks */ = {isa = PBXBuildFile; fileRef = 50318F75A51FA94495E46418 /* Pods_PickledSwiftExamples.framework */; };
/* End PBXBuildFile section */

/* Begin PBXFileReference section */
		03CFC4ACF8D7891EE249F908 /* Pods_PickledSwift.framework */ = {isa = PBXFileReference; explicitFileType = wrapper.framework; includeInIndex = 0; path = Pods_PickledSwift.framework; sourceTree = BUILT_PRODUCTS_DIR; };
		1D1FE3390B31B831598782A8 /* Pods-PickledSwift.release.xcconfig */ = {isa = PBXFileReference; includeInIndex = 1; lastKnownFileType = text.xcconfig; name = "Pods-PickledSwift.release.xcconfig"; path = "Target Support Files/Pods-PickledSwift/Pods-PickledSwift.release.xcconfig"; sourceTree = "<group>"; };
		2703389722EE40BE00B9E1A2 /* Info.plist */ = {isa = PBXFileReference; fileEncoding = 4; lastKnownFileType = text.plist.xml; path = Info.plist; sourceTree = "<group>"; };
		270338D122EE41A000B9E1A2 /* PickledViewController.swift */ = {isa = PBXFileReference; fileEncoding = 4; lastKnownFileType = sourcecode.swift; path = PickledViewController.swift; sourceTree = "<group>"; };
		270338D222EE41A000B9E1A2 /* PickledSlider.swift */ = {isa = PBXFileReference; fileEncoding = 4; lastKnownFileType = sourcecode.swift; path = PickledSlider.swift; sourceTree = "<group>"; };
		270338D322EE41A000B9E1A2 /* TextFieldDelegate+TextFieldShouldReturn.swift */ = {isa = PBXFileReference; fileEncoding = 4; lastKnownFileType = sourcecode.swift; path = "TextFieldDelegate+TextFieldShouldReturn.swift"; sourceTree = "<group>"; };
		270338D422EE41A000B9E1A2 /* PickledSwitch.swift */ = {isa = PBXFileReference; fileEncoding = 4; lastKnownFileType = sourcecode.swift; path = PickledSwitch.swift; sourceTree = "<group>"; };
		270338D522EE41A000B9E1A2 /* PickledSegmentedControl.swift */ = {isa = PBXFileReference; fileEncoding = 4; lastKnownFileType = sourcecode.swift; path = PickledSegmentedControl.swift; sourceTree = "<group>"; };
		270338D622EE41A000B9E1A2 /* PickledSwift.h */ = {isa = PBXFileReference; fileEncoding = 4; lastKnownFileType = sourcecode.c.h; path = PickledSwift.h; sourceTree = "<group>"; };
		270338D722EE41A000B9E1A2 /* UIImage+ContentClippingRect.swift */ = {isa = PBXFileReference; fileEncoding = 4; lastKnownFileType = sourcecode.swift; path = "UIImage+ContentClippingRect.swift"; sourceTree = "<group>"; };
		270338D822EE41A000B9E1A2 /* UIColor+Hex.swift */ = {isa = PBXFileReference; fileEncoding = 4; lastKnownFileType = sourcecode.swift; path = "UIColor+Hex.swift"; sourceTree = "<group>"; };
		270338D922EE41A000B9E1A2 /* SimpleDate.swift */ = {isa = PBXFileReference; fileEncoding = 4; lastKnownFileType = sourcecode.swift; path = SimpleDate.swift; sourceTree = "<group>"; };
		270338DA22EE41A000B9E1A2 /* PickledButton.swift */ = {isa = PBXFileReference; fileEncoding = 4; lastKnownFileType = sourcecode.swift; path = PickledButton.swift; sourceTree = "<group>"; };
		270338DB22EE41A000B9E1A2 /* PickledTextField.swift */ = {isa = PBXFileReference; fileEncoding = 4; lastKnownFileType = sourcecode.swift; path = PickledTextField.swift; sourceTree = "<group>"; };
		270338DC22EE41A000B9E1A2 /* HorizontalPicker.swift */ = {isa = PBXFileReference; fileEncoding = 4; lastKnownFileType = sourcecode.swift; path = HorizontalPicker.swift; sourceTree = "<group>"; };
		270338DD22EE41A000B9E1A2 /* UIImage+Download.swift */ = {isa = PBXFileReference; fileEncoding = 4; lastKnownFileType = sourcecode.swift; path = "UIImage+Download.swift"; sourceTree = "<group>"; };
		270338DE22EE41A000B9E1A2 /* Launchable.swift */ = {isa = PBXFileReference; fileEncoding = 4; lastKnownFileType = sourcecode.swift; path = Launchable.swift; sourceTree = "<group>"; };
		270338DF22EE41A000B9E1A2 /* StoredProperty.swift */ = {isa = PBXFileReference; fileEncoding = 4; lastKnownFileType = sourcecode.swift; path = StoredProperty.swift; sourceTree = "<group>"; };
		270338E022EE41A000B9E1A2 /* PickledSearchBar.swift */ = {isa = PBXFileReference; fileEncoding = 4; lastKnownFileType = sourcecode.swift; path = PickledSearchBar.swift; sourceTree = "<group>"; };
		270338E122EE41A000B9E1A2 /* Adjacent.swift */ = {isa = PBXFileReference; fileEncoding = 4; lastKnownFileType = sourcecode.swift; path = Adjacent.swift; sourceTree = "<group>"; };
		270338E222EE41A000B9E1A2 /* UILabel+FontSize.swift */ = {isa = PBXFileReference; fileEncoding = 4; lastKnownFileType = sourcecode.swift; path = "UILabel+FontSize.swift"; sourceTree = "<group>"; };
		270338E322EE41A000B9E1A2 /* Month.swift */ = {isa = PBXFileReference; fileEncoding = 4; lastKnownFileType = sourcecode.swift; path = Month.swift; sourceTree = "<group>"; };
		270338E422EE41A000B9E1A2 /* ViewController+ShowAlert.swift */ = {isa = PBXFileReference; fileEncoding = 4; lastKnownFileType = sourcecode.swift; path = "ViewController+ShowAlert.swift"; sourceTree = "<group>"; };
		270338E522EE41A000B9E1A2 /* Device+ModelType.swift */ = {isa = PBXFileReference; fileEncoding = 4; lastKnownFileType = sourcecode.swift; path = "Device+ModelType.swift"; sourceTree = "<group>"; };
		270338E622EE41A000B9E1A2 /* UIColor+Pallet.swift */ = {isa = PBXFileReference; fileEncoding = 4; lastKnownFileType = sourcecode.swift; path = "UIColor+Pallet.swift"; sourceTree = "<group>"; };
		270338E722EE41A000B9E1A2 /* String+AsUIColor.swift */ = {isa = PBXFileReference; fileEncoding = 4; lastKnownFileType = sourcecode.swift; path = "String+AsUIColor.swift"; sourceTree = "<group>"; };
		270338E822EE41A000B9E1A2 /* Date_Extensions.swift */ = {isa = PBXFileReference; fileEncoding = 4; lastKnownFileType = sourcecode.swift; path = Date_Extensions.swift; sourceTree = "<group>"; };
		270338E922EE41A000B9E1A2 /* ReusableCell.swift */ = {isa = PBXFileReference; fileEncoding = 4; lastKnownFileType = sourcecode.swift; path = ReusableCell.swift; sourceTree = "<group>"; };
		270338EA22EE41A000B9E1A2 /* PickledLabel.swift */ = {isa = PBXFileReference; fileEncoding = 4; lastKnownFileType = sourcecode.swift; path = PickledLabel.swift; sourceTree = "<group>"; };
		270338EB22EE41A000B9E1A2 /* ReusableView.swift */ = {isa = PBXFileReference; fileEncoding = 4; lastKnownFileType = sourcecode.swift; path = ReusableView.swift; sourceTree = "<group>"; };
		270338EC22EE41A000B9E1A2 /* UICircleButton.swift */ = {isa = PBXFileReference; fileEncoding = 4; lastKnownFileType = sourcecode.swift; path = UICircleButton.swift; sourceTree = "<group>"; };
		2715C56122EE428E004F5C1E /* PickledSwift.podspec */ = {isa = PBXFileReference; fileEncoding = 4; lastKnownFileType = text; path = PickledSwift.podspec; sourceTree = SOURCE_ROOT; };
		2724F7A622DD650500500F03 /* PickledSwift.h */ = {isa = PBXFileReference; fileEncoding = 4; lastKnownFileType = sourcecode.c.h; path = PickledSwift.h; sourceTree = SOURCE_ROOT; };
		27B801D922FE92E800043BE7 /* ViewController.swift */ = {isa = PBXFileReference; fileEncoding = 4; lastKnownFileType = sourcecode.swift; name = ViewController.swift; path = ../../../../../Desktop/ViewController.swift; sourceTree = "<group>"; };
		27D9DB9C22DACD4200762AD0 /* PickledSwift.framework */ = {isa = PBXFileReference; explicitFileType = wrapper.framework; includeInIndex = 0; path = PickledSwift.framework; sourceTree = BUILT_PRODUCTS_DIR; };
		27D9DBAB22DACD7200762AD0 /* PickledSwiftExamples.app */ = {isa = PBXFileReference; explicitFileType = wrapper.application; includeInIndex = 0; path = PickledSwiftExamples.app; sourceTree = BUILT_PRODUCTS_DIR; };
		27D9DBAD22DACD7200762AD0 /* AppDelegate.swift */ = {isa = PBXFileReference; lastKnownFileType = sourcecode.swift; path = AppDelegate.swift; sourceTree = "<group>"; };
		27D9DBB222DACD7200762AD0 /* Base */ = {isa = PBXFileReference; lastKnownFileType = file.storyboard; name = Base; path = Base.lproj/Main.storyboard; sourceTree = "<group>"; };
		27D9DBB422DACD7300762AD0 /* Assets.xcassets */ = {isa = PBXFileReference; lastKnownFileType = folder.assetcatalog; path = Assets.xcassets; sourceTree = "<group>"; };
		27D9DBB722DACD7300762AD0 /* Base */ = {isa = PBXFileReference; lastKnownFileType = file.storyboard; name = Base; path = Base.lproj/LaunchScreen.storyboard; sourceTree = "<group>"; };
		27D9DBB922DACD7300762AD0 /* Info.plist */ = {isa = PBXFileReference; lastKnownFileType = text.plist.xml; path = Info.plist; sourceTree = "<group>"; };
		27EAAE76230218290057E105 /* ProportionView.swift */ = {isa = PBXFileReference; lastKnownFileType = sourcecode.swift; path = ProportionView.swift; sourceTree = "<group>"; };
		27EAAE782302186B0057E105 /* ProportionalStackView.swift */ = {isa = PBXFileReference; lastKnownFileType = sourcecode.swift; path = ProportionalStackView.swift; sourceTree = "<group>"; };
		27EAAE7B23021D870057E105 /* ProportionViewOrder.swift */ = {isa = PBXFileReference; lastKnownFileType = sourcecode.swift; path = ProportionViewOrder.swift; sourceTree = "<group>"; };
		27EAAE7D23021DCB0057E105 /* UIStackView+removeAllArrangedSubviews.swift */ = {isa = PBXFileReference; lastKnownFileType = sourcecode.swift; path = "UIStackView+removeAllArrangedSubviews.swift"; sourceTree = "<group>"; };
		312E8F11D6C4068C246B0D84 /* Pods-PickledSwift.debug.xcconfig */ = {isa = PBXFileReference; includeInIndex = 1; lastKnownFileType = text.xcconfig; name = "Pods-PickledSwift.debug.xcconfig"; path = "Target Support Files/Pods-PickledSwift/Pods-PickledSwift.debug.xcconfig"; sourceTree = "<group>"; };
		33AFA8ADCBC302118A4E8D2E /* Pods-PickledSwiftExamples.debug.xcconfig */ = {isa = PBXFileReference; includeInIndex = 1; lastKnownFileType = text.xcconfig; name = "Pods-PickledSwiftExamples.debug.xcconfig"; path = "Target Support Files/Pods-PickledSwiftExamples/Pods-PickledSwiftExamples.debug.xcconfig"; sourceTree = "<group>"; };
		50318F75A51FA94495E46418 /* Pods_PickledSwiftExamples.framework */ = {isa = PBXFileReference; explicitFileType = wrapper.framework; includeInIndex = 0; path = Pods_PickledSwiftExamples.framework; sourceTree = BUILT_PRODUCTS_DIR; };
		A9EFED1B390597F1AD238E1A /* Pods-PickledSwiftExamples.release.xcconfig */ = {isa = PBXFileReference; includeInIndex = 1; lastKnownFileType = text.xcconfig; name = "Pods-PickledSwiftExamples.release.xcconfig"; path = "Target Support Files/Pods-PickledSwiftExamples/Pods-PickledSwiftExamples.release.xcconfig"; sourceTree = "<group>"; };
/* End PBXFileReference section */

/* Begin PBXFrameworksBuildPhase section */
		27D9DB9922DACD4200762AD0 /* Frameworks */ = {
			isa = PBXFrameworksBuildPhase;
			buildActionMask = 2147483647;
			files = (
				04949F6BBE1B8B67E71F371E /* Pods_PickledSwift.framework in Frameworks */,
			);
			runOnlyForDeploymentPostprocessing = 0;
		};
		27D9DBA822DACD7200762AD0 /* Frameworks */ = {
			isa = PBXFrameworksBuildPhase;
			buildActionMask = 2147483647;
			files = (
				B495BD930C5E490B89C98CFE /* Pods_PickledSwiftExamples.framework in Frameworks */,
			);
			runOnlyForDeploymentPostprocessing = 0;
		};
/* End PBXFrameworksBuildPhase section */

/* Begin PBXGroup section */
		2703389922EE418400B9E1A2 /* PickledSwift */ = {
			isa = PBXGroup;
			children = (
				2715C56122EE428E004F5C1E /* PickledSwift.podspec */,
				2703389722EE40BE00B9E1A2 /* Info.plist */,
				270338D622EE41A000B9E1A2 /* PickledSwift.h */,
				270338D022EE41A000B9E1A2 /* Source */,
			);
			path = PickledSwift;
			sourceTree = "<group>";
		};
		270338D022EE41A000B9E1A2 /* Source */ = {
			isa = PBXGroup;
			children = (
				2724F7A622DD650500500F03 /* PickledSwift.h */,
				270338D122EE41A000B9E1A2 /* PickledViewController.swift */,
				270338D222EE41A000B9E1A2 /* PickledSlider.swift */,
				270338D322EE41A000B9E1A2 /* TextFieldDelegate+TextFieldShouldReturn.swift */,
				270338D422EE41A000B9E1A2 /* PickledSwitch.swift */,
				270338D522EE41A000B9E1A2 /* PickledSegmentedControl.swift */,
				270338D722EE41A000B9E1A2 /* UIImage+ContentClippingRect.swift */,
				270338D822EE41A000B9E1A2 /* UIColor+Hex.swift */,
				270338D922EE41A000B9E1A2 /* SimpleDate.swift */,
				270338DA22EE41A000B9E1A2 /* PickledButton.swift */,
				270338DB22EE41A000B9E1A2 /* PickledTextField.swift */,
				270338DC22EE41A000B9E1A2 /* HorizontalPicker.swift */,
				270338DD22EE41A000B9E1A2 /* UIImage+Download.swift */,
				270338DE22EE41A000B9E1A2 /* Launchable.swift */,
				270338DF22EE41A000B9E1A2 /* StoredProperty.swift */,
				270338E022EE41A000B9E1A2 /* PickledSearchBar.swift */,
				270338E122EE41A000B9E1A2 /* Adjacent.swift */,
				270338E222EE41A000B9E1A2 /* UILabel+FontSize.swift */,
				270338E322EE41A000B9E1A2 /* Month.swift */,
				270338E422EE41A000B9E1A2 /* ViewController+ShowAlert.swift */,
				270338E522EE41A000B9E1A2 /* Device+ModelType.swift */,
				270338E622EE41A000B9E1A2 /* UIColor+Pallet.swift */,
				270338E722EE41A000B9E1A2 /* String+AsUIColor.swift */,
				270338E822EE41A000B9E1A2 /* Date_Extensions.swift */,
				270338E922EE41A000B9E1A2 /* ReusableCell.swift */,
				270338EA22EE41A000B9E1A2 /* PickledLabel.swift */,
				270338EB22EE41A000B9E1A2 /* ReusableView.swift */,
				270338EC22EE41A000B9E1A2 /* UICircleButton.swift */,
				27EAAE76230218290057E105 /* ProportionView.swift */,
				27EAAE782302186B0057E105 /* ProportionalStackView.swift */,
				27EAAE7B23021D870057E105 /* ProportionViewOrder.swift */,
				27EAAE7D23021DCB0057E105 /* UIStackView+removeAllArrangedSubviews.swift */,
			);
			path = Source;
			sourceTree = "<group>";
		};
		27D9DB9222DACD4200762AD0 = {
			isa = PBXGroup;
			children = (
				2703389922EE418400B9E1A2 /* PickledSwift */,
				27D9DBAC22DACD7200762AD0 /* PickledSwiftExamples */,
				27D9DB9D22DACD4200762AD0 /* Products */,
				627B8CED6E59569DDCAFF6B4 /* Pods */,
				E6630AF611751653783363FB /* Frameworks */,
			);
			sourceTree = "<group>";
		};
		27D9DB9D22DACD4200762AD0 /* Products */ = {
			isa = PBXGroup;
			children = (
				27D9DB9C22DACD4200762AD0 /* PickledSwift.framework */,
				27D9DBAB22DACD7200762AD0 /* PickledSwiftExamples.app */,
			);
			name = Products;
			sourceTree = "<group>";
		};
		27D9DBAC22DACD7200762AD0 /* PickledSwiftExamples */ = {
			isa = PBXGroup;
			children = (
				27D9DBAD22DACD7200762AD0 /* AppDelegate.swift */,
				27B801D922FE92E800043BE7 /* ViewController.swift */,
				27D9DBB122DACD7200762AD0 /* Main.storyboard */,
				27D9DBB422DACD7300762AD0 /* Assets.xcassets */,
				27D9DBB622DACD7300762AD0 /* LaunchScreen.storyboard */,
				27D9DBB922DACD7300762AD0 /* Info.plist */,
			);
			path = PickledSwiftExamples;
			sourceTree = "<group>";
		};
		627B8CED6E59569DDCAFF6B4 /* Pods */ = {
			isa = PBXGroup;
			children = (
				312E8F11D6C4068C246B0D84 /* Pods-PickledSwift.debug.xcconfig */,
				1D1FE3390B31B831598782A8 /* Pods-PickledSwift.release.xcconfig */,
				33AFA8ADCBC302118A4E8D2E /* Pods-PickledSwiftExamples.debug.xcconfig */,
				A9EFED1B390597F1AD238E1A /* Pods-PickledSwiftExamples.release.xcconfig */,
			);
			path = Pods;
			sourceTree = "<group>";
		};
		E6630AF611751653783363FB /* Frameworks */ = {
			isa = PBXGroup;
			children = (
				03CFC4ACF8D7891EE249F908 /* Pods_PickledSwift.framework */,
				50318F75A51FA94495E46418 /* Pods_PickledSwiftExamples.framework */,
			);
			name = Frameworks;
			sourceTree = "<group>";
		};
/* End PBXGroup section */

/* Begin PBXHeadersBuildPhase section */
		27D9DB9722DACD4200762AD0 /* Headers */ = {
			isa = PBXHeadersBuildPhase;
			buildActionMask = 2147483647;
			files = (
				2724F7AE22DD650500500F03 /* PickledSwift.h in Headers */,
				270338F322EE41A000B9E1A2 /* PickledSwift.h in Headers */,
			);
			runOnlyForDeploymentPostprocessing = 0;
		};
/* End PBXHeadersBuildPhase section */

/* Begin PBXNativeTarget section */
		27D9DB9B22DACD4200762AD0 /* PickledSwift */ = {
			isa = PBXNativeTarget;
			buildConfigurationList = 27D9DBA422DACD4200762AD0 /* Build configuration list for PBXNativeTarget "PickledSwift" */;
			buildPhases = (
				A6F89801F495F785CBF9B5C2 /* [CP] Check Pods Manifest.lock */,
				27D9DB9722DACD4200762AD0 /* Headers */,
				27D9DB9822DACD4200762AD0 /* Sources */,
				27D9DB9922DACD4200762AD0 /* Frameworks */,
				27D9DB9A22DACD4200762AD0 /* Resources */,
			);
			buildRules = (
			);
			dependencies = (
			);
			name = PickledSwift;
			productName = PickledSwift;
			productReference = 27D9DB9C22DACD4200762AD0 /* PickledSwift.framework */;
			productType = "com.apple.product-type.framework";
		};
		27D9DBAA22DACD7200762AD0 /* PickledSwiftExamples */ = {
			isa = PBXNativeTarget;
			buildConfigurationList = 27D9DBBA22DACD7300762AD0 /* Build configuration list for PBXNativeTarget "PickledSwiftExamples" */;
			buildPhases = (
				1ADD810D8E9FEAA46F985668 /* [CP] Check Pods Manifest.lock */,
				27D9DBA722DACD7200762AD0 /* Sources */,
				27D9DBA822DACD7200762AD0 /* Frameworks */,
				27D9DBA922DACD7200762AD0 /* Resources */,
			);
			buildRules = (
			);
			dependencies = (
			);
			name = PickledSwiftExamples;
			productName = PickledSwiftExamples;
			productReference = 27D9DBAB22DACD7200762AD0 /* PickledSwiftExamples.app */;
			productType = "com.apple.product-type.application";
		};
/* End PBXNativeTarget section */

/* Begin PBXProject section */
		27D9DB9322DACD4200762AD0 /* Project object */ = {
			isa = PBXProject;
			attributes = {
				LastSwiftUpdateCheck = 1020;
				LastUpgradeCheck = 1020;
				ORGANIZATIONNAME = "Pickled Games";
				TargetAttributes = {
					27D9DB9B22DACD4200762AD0 = {
						CreatedOnToolsVersion = 10.2.1;
						LastSwiftMigration = 1030;
					};
					27D9DBAA22DACD7200762AD0 = {
						CreatedOnToolsVersion = 10.2.1;
					};
				};
			};
			buildConfigurationList = 27D9DB9622DACD4200762AD0 /* Build configuration list for PBXProject "PickledSwift" */;
			compatibilityVersion = "Xcode 9.3";
			developmentRegion = en;
			hasScannedForEncodings = 0;
			knownRegions = (
				en,
				Base,
			);
			mainGroup = 27D9DB9222DACD4200762AD0;
			productRefGroup = 27D9DB9D22DACD4200762AD0 /* Products */;
			projectDirPath = "";
			projectRoot = "";
			targets = (
				27D9DB9B22DACD4200762AD0 /* PickledSwift */,
				27D9DBAA22DACD7200762AD0 /* PickledSwiftExamples */,
			);
		};
/* End PBXProject section */

/* Begin PBXResourcesBuildPhase section */
		27D9DB9A22DACD4200762AD0 /* Resources */ = {
			isa = PBXResourcesBuildPhase;
			buildActionMask = 2147483647;
			files = (
				2715C56222EE428E004F5C1E /* PickledSwift.podspec in Resources */,
			);
			runOnlyForDeploymentPostprocessing = 0;
		};
		27D9DBA922DACD7200762AD0 /* Resources */ = {
			isa = PBXResourcesBuildPhase;
			buildActionMask = 2147483647;
			files = (
				27D9DBB822DACD7300762AD0 /* LaunchScreen.storyboard in Resources */,
				27D9DBB522DACD7300762AD0 /* Assets.xcassets in Resources */,
				27D9DBB322DACD7200762AD0 /* Main.storyboard in Resources */,
			);
			runOnlyForDeploymentPostprocessing = 0;
		};
/* End PBXResourcesBuildPhase section */

/* Begin PBXShellScriptBuildPhase section */
		1ADD810D8E9FEAA46F985668 /* [CP] Check Pods Manifest.lock */ = {
			isa = PBXShellScriptBuildPhase;
			buildActionMask = 2147483647;
			files = (
			);
			inputFileListPaths = (
			);
			inputPaths = (
				"${PODS_PODFILE_DIR_PATH}/Podfile.lock",
				"${PODS_ROOT}/Manifest.lock",
			);
			name = "[CP] Check Pods Manifest.lock";
			outputFileListPaths = (
			);
			outputPaths = (
				"$(DERIVED_FILE_DIR)/Pods-PickledSwiftExamples-checkManifestLockResult.txt",
			);
			runOnlyForDeploymentPostprocessing = 0;
			shellPath = /bin/sh;
			shellScript = "diff \"${PODS_PODFILE_DIR_PATH}/Podfile.lock\" \"${PODS_ROOT}/Manifest.lock\" > /dev/null\nif [ $? != 0 ] ; then\n    # print error to STDERR\n    echo \"error: The sandbox is not in sync with the Podfile.lock. Run 'pod install' or update your CocoaPods installation.\" >&2\n    exit 1\nfi\n# This output is used by Xcode 'outputs' to avoid re-running this script phase.\necho \"SUCCESS\" > \"${SCRIPT_OUTPUT_FILE_0}\"\n";
			showEnvVarsInLog = 0;
		};
		A6F89801F495F785CBF9B5C2 /* [CP] Check Pods Manifest.lock */ = {
			isa = PBXShellScriptBuildPhase;
			buildActionMask = 2147483647;
			files = (
			);
			inputFileListPaths = (
			);
			inputPaths = (
				"${PODS_PODFILE_DIR_PATH}/Podfile.lock",
				"${PODS_ROOT}/Manifest.lock",
			);
			name = "[CP] Check Pods Manifest.lock";
			outputFileListPaths = (
			);
			outputPaths = (
				"$(DERIVED_FILE_DIR)/Pods-PickledSwift-checkManifestLockResult.txt",
			);
			runOnlyForDeploymentPostprocessing = 0;
			shellPath = /bin/sh;
			shellScript = "diff \"${PODS_PODFILE_DIR_PATH}/Podfile.lock\" \"${PODS_ROOT}/Manifest.lock\" > /dev/null\nif [ $? != 0 ] ; then\n    # print error to STDERR\n    echo \"error: The sandbox is not in sync with the Podfile.lock. Run 'pod install' or update your CocoaPods installation.\" >&2\n    exit 1\nfi\n# This output is used by Xcode 'outputs' to avoid re-running this script phase.\necho \"SUCCESS\" > \"${SCRIPT_OUTPUT_FILE_0}\"\n";
			showEnvVarsInLog = 0;
		};
/* End PBXShellScriptBuildPhase section */

/* Begin PBXSourcesBuildPhase section */
		27D9DB9822DACD4200762AD0 /* Sources */ = {
			isa = PBXSourcesBuildPhase;
			buildActionMask = 2147483647;
			files = (
				2703390422EE41A000B9E1A2 /* String+AsUIColor.swift in Sources */,
				270338F522EE41A000B9E1A2 /* UIColor+Hex.swift in Sources */,
				2703390922EE41A000B9E1A2 /* UICircleButton.swift in Sources */,
				27EAAE7E23021DCB0057E105 /* UIStackView+removeAllArrangedSubviews.swift in Sources */,
				270338F222EE41A000B9E1A2 /* PickledSegmentedControl.swift in Sources */,
				2703390022EE41A000B9E1A2 /* Month.swift in Sources */,
				27EAAE77230218290057E105 /* ProportionView.swift in Sources */,
				2703390722EE41A000B9E1A2 /* PickledLabel.swift in Sources */,
				270338F422EE41A000B9E1A2 /* UIImage+ContentClippingRect.swift in Sources */,
				270338FE22EE41A000B9E1A2 /* Adjacent.swift in Sources */,
				2703390822EE41A000B9E1A2 /* ReusableView.swift in Sources */,
				270338FD22EE41A000B9E1A2 /* PickledSearchBar.swift in Sources */,
				270338FC22EE41A000B9E1A2 /* StoredProperty.swift in Sources */,
				2703390622EE41A000B9E1A2 /* ReusableCell.swift in Sources */,
				270338F622EE41A000B9E1A2 /* SimpleDate.swift in Sources */,
				270338FB22EE41A000B9E1A2 /* Launchable.swift in Sources */,
				270338F922EE41A000B9E1A2 /* HorizontalPicker.swift in Sources */,
				2703390322EE41A000B9E1A2 /* UIColor+Pallet.swift in Sources */,
				270338FA22EE41A000B9E1A2 /* UIImage+Download.swift in Sources */,
				270338F822EE41A000B9E1A2 /* PickledTextField.swift in Sources */,
				27B801DB22FE93B300043BE7 /* ViewController.swift in Sources */,
				2703390522EE41A000B9E1A2 /* Date_Extensions.swift in Sources */,
				270338F122EE41A000B9E1A2 /* PickledSwitch.swift in Sources */,
				270338EE22EE41A000B9E1A2 /* PickledViewController.swift in Sources */,
				270338EF22EE41A000B9E1A2 /* PickledSlider.swift in Sources */,
				27EAAE792302186C0057E105 /* ProportionalStackView.swift in Sources */,
				270338FF22EE41A000B9E1A2 /* UILabel+FontSize.swift in Sources */,
				2703390122EE41A000B9E1A2 /* ViewController+ShowAlert.swift in Sources */,
				270338F722EE41A000B9E1A2 /* PickledButton.swift in Sources */,
				270338F022EE41A000B9E1A2 /* TextFieldDelegate+TextFieldShouldReturn.swift in Sources */,
				2703390222EE41A000B9E1A2 /* Device+ModelType.swift in Sources */,
				27EAAE7C23021D870057E105 /* ProportionViewOrder.swift in Sources */,
			);
			runOnlyForDeploymentPostprocessing = 0;
		};
		27D9DBA722DACD7200762AD0 /* Sources */ = {
			isa = PBXSourcesBuildPhase;
			buildActionMask = 2147483647;
			files = (
				27B801DA22FE92E800043BE7 /* ViewController.swift in Sources */,
				27D9DBAE22DACD7200762AD0 /* AppDelegate.swift in Sources */,
			);
			runOnlyForDeploymentPostprocessing = 0;
		};
/* End PBXSourcesBuildPhase section */

/* Begin PBXVariantGroup section */
		27D9DBB122DACD7200762AD0 /* Main.storyboard */ = {
			isa = PBXVariantGroup;
			children = (
				27D9DBB222DACD7200762AD0 /* Base */,
			);
			name = Main.storyboard;
			sourceTree = "<group>";
		};
		27D9DBB622DACD7300762AD0 /* LaunchScreen.storyboard */ = {
			isa = PBXVariantGroup;
			children = (
				27D9DBB722DACD7300762AD0 /* Base */,
			);
			name = LaunchScreen.storyboard;
			sourceTree = "<group>";
		};
/* End PBXVariantGroup section */

/* Begin XCBuildConfiguration section */
		27D9DBA222DACD4200762AD0 /* Debug */ = {
			isa = XCBuildConfiguration;
			buildSettings = {
				ALWAYS_SEARCH_USER_PATHS = NO;
				CLANG_ANALYZER_NONNULL = YES;
				CLANG_ANALYZER_NUMBER_OBJECT_CONVERSION = YES_AGGRESSIVE;
				CLANG_CXX_LANGUAGE_STANDARD = "gnu++14";
				CLANG_CXX_LIBRARY = "libc++";
				CLANG_ENABLE_MODULES = YES;
				CLANG_ENABLE_OBJC_ARC = YES;
				CLANG_ENABLE_OBJC_WEAK = YES;
				CLANG_WARN_BLOCK_CAPTURE_AUTORELEASING = YES;
				CLANG_WARN_BOOL_CONVERSION = YES;
				CLANG_WARN_COMMA = YES;
				CLANG_WARN_CONSTANT_CONVERSION = YES;
				CLANG_WARN_DEPRECATED_OBJC_IMPLEMENTATIONS = YES;
				CLANG_WARN_DIRECT_OBJC_ISA_USAGE = YES_ERROR;
				CLANG_WARN_DOCUMENTATION_COMMENTS = YES;
				CLANG_WARN_EMPTY_BODY = YES;
				CLANG_WARN_ENUM_CONVERSION = YES;
				CLANG_WARN_INFINITE_RECURSION = YES;
				CLANG_WARN_INT_CONVERSION = YES;
				CLANG_WARN_NON_LITERAL_NULL_CONVERSION = YES;
				CLANG_WARN_OBJC_IMPLICIT_RETAIN_SELF = YES;
				CLANG_WARN_OBJC_LITERAL_CONVERSION = YES;
				CLANG_WARN_OBJC_ROOT_CLASS = YES_ERROR;
				CLANG_WARN_RANGE_LOOP_ANALYSIS = YES;
				CLANG_WARN_STRICT_PROTOTYPES = YES;
				CLANG_WARN_SUSPICIOUS_MOVE = YES;
				CLANG_WARN_UNGUARDED_AVAILABILITY = YES_AGGRESSIVE;
				CLANG_WARN_UNREACHABLE_CODE = YES;
				CLANG_WARN__DUPLICATE_METHOD_MATCH = YES;
				CODE_SIGN_IDENTITY = "iPhone Developer";
				COPY_PHASE_STRIP = NO;
				CURRENT_PROJECT_VERSION = 1;
				DEBUG_INFORMATION_FORMAT = dwarf;
				ENABLE_STRICT_OBJC_MSGSEND = YES;
				ENABLE_TESTABILITY = YES;
				GCC_C_LANGUAGE_STANDARD = gnu11;
				GCC_DYNAMIC_NO_PIC = NO;
				GCC_NO_COMMON_BLOCKS = YES;
				GCC_OPTIMIZATION_LEVEL = 0;
				GCC_PREPROCESSOR_DEFINITIONS = (
					"DEBUG=1",
					"$(inherited)",
				);
				GCC_WARN_64_TO_32_BIT_CONVERSION = YES;
				GCC_WARN_ABOUT_RETURN_TYPE = YES_ERROR;
				GCC_WARN_UNDECLARED_SELECTOR = YES;
				GCC_WARN_UNINITIALIZED_AUTOS = YES_AGGRESSIVE;
				GCC_WARN_UNUSED_FUNCTION = YES;
				GCC_WARN_UNUSED_VARIABLE = YES;
				IPHONEOS_DEPLOYMENT_TARGET = 12.2;
				MTL_ENABLE_DEBUG_INFO = INCLUDE_SOURCE;
				MTL_FAST_MATH = YES;
				ONLY_ACTIVE_ARCH = YES;
				SDKROOT = iphoneos;
				SWIFT_ACTIVE_COMPILATION_CONDITIONS = DEBUG;
				SWIFT_OPTIMIZATION_LEVEL = "-Onone";
				SWIFT_VERSION = 5.0;
				VERSIONING_SYSTEM = "apple-generic";
				VERSION_INFO_PREFIX = "";
			};
			name = Debug;
		};
		27D9DBA322DACD4200762AD0 /* Release */ = {
			isa = XCBuildConfiguration;
			buildSettings = {
				ALWAYS_SEARCH_USER_PATHS = NO;
				CLANG_ANALYZER_NONNULL = YES;
				CLANG_ANALYZER_NUMBER_OBJECT_CONVERSION = YES_AGGRESSIVE;
				CLANG_CXX_LANGUAGE_STANDARD = "gnu++14";
				CLANG_CXX_LIBRARY = "libc++";
				CLANG_ENABLE_MODULES = YES;
				CLANG_ENABLE_OBJC_ARC = YES;
				CLANG_ENABLE_OBJC_WEAK = YES;
				CLANG_WARN_BLOCK_CAPTURE_AUTORELEASING = YES;
				CLANG_WARN_BOOL_CONVERSION = YES;
				CLANG_WARN_COMMA = YES;
				CLANG_WARN_CONSTANT_CONVERSION = YES;
				CLANG_WARN_DEPRECATED_OBJC_IMPLEMENTATIONS = YES;
				CLANG_WARN_DIRECT_OBJC_ISA_USAGE = YES_ERROR;
				CLANG_WARN_DOCUMENTATION_COMMENTS = YES;
				CLANG_WARN_EMPTY_BODY = YES;
				CLANG_WARN_ENUM_CONVERSION = YES;
				CLANG_WARN_INFINITE_RECURSION = YES;
				CLANG_WARN_INT_CONVERSION = YES;
				CLANG_WARN_NON_LITERAL_NULL_CONVERSION = YES;
				CLANG_WARN_OBJC_IMPLICIT_RETAIN_SELF = YES;
				CLANG_WARN_OBJC_LITERAL_CONVERSION = YES;
				CLANG_WARN_OBJC_ROOT_CLASS = YES_ERROR;
				CLANG_WARN_RANGE_LOOP_ANALYSIS = YES;
				CLANG_WARN_STRICT_PROTOTYPES = YES;
				CLANG_WARN_SUSPICIOUS_MOVE = YES;
				CLANG_WARN_UNGUARDED_AVAILABILITY = YES_AGGRESSIVE;
				CLANG_WARN_UNREACHABLE_CODE = YES;
				CLANG_WARN__DUPLICATE_METHOD_MATCH = YES;
				CODE_SIGN_IDENTITY = "iPhone Developer";
				COPY_PHASE_STRIP = NO;
				CURRENT_PROJECT_VERSION = 1;
				DEBUG_INFORMATION_FORMAT = "dwarf-with-dsym";
				ENABLE_NS_ASSERTIONS = NO;
				ENABLE_STRICT_OBJC_MSGSEND = YES;
				GCC_C_LANGUAGE_STANDARD = gnu11;
				GCC_NO_COMMON_BLOCKS = YES;
				GCC_WARN_64_TO_32_BIT_CONVERSION = YES;
				GCC_WARN_ABOUT_RETURN_TYPE = YES_ERROR;
				GCC_WARN_UNDECLARED_SELECTOR = YES;
				GCC_WARN_UNINITIALIZED_AUTOS = YES_AGGRESSIVE;
				GCC_WARN_UNUSED_FUNCTION = YES;
				GCC_WARN_UNUSED_VARIABLE = YES;
				IPHONEOS_DEPLOYMENT_TARGET = 12.2;
				MTL_ENABLE_DEBUG_INFO = NO;
				MTL_FAST_MATH = YES;
				SDKROOT = iphoneos;
				SWIFT_COMPILATION_MODE = wholemodule;
				SWIFT_OPTIMIZATION_LEVEL = "-O";
				SWIFT_VERSION = 5.0;
				VALIDATE_PRODUCT = YES;
				VERSIONING_SYSTEM = "apple-generic";
				VERSION_INFO_PREFIX = "";
			};
			name = Release;
		};
		27D9DBA522DACD4200762AD0 /* Debug */ = {
			isa = XCBuildConfiguration;
			baseConfigurationReference = 312E8F11D6C4068C246B0D84 /* Pods-PickledSwift.debug.xcconfig */;
			buildSettings = {
				CLANG_ENABLE_MODULES = YES;
				CODE_SIGN_IDENTITY = "";
				CODE_SIGN_STYLE = Automatic;
				DEFINES_MODULE = YES;
				DEVELOPMENT_TEAM = 363P6K3ZSX;
				DYLIB_COMPATIBILITY_VERSION = 1;
				DYLIB_CURRENT_VERSION = 1;
				DYLIB_INSTALL_NAME_BASE = "@rpath";
				INFOPLIST_FILE = "$(SRCROOT)/PickledSwift/Info.plist";
				INSTALL_PATH = "$(LOCAL_LIBRARY_DIR)/Frameworks";
				LD_RUNPATH_SEARCH_PATHS = (
					"$(inherited)",
					"@executable_path/Frameworks",
					"@loader_path/Frameworks",
				);
				PRODUCT_BUNDLE_IDENTIFIER = com.pickledGames.PickledSwift;
				PRODUCT_NAME = "$(TARGET_NAME:c99extidentifier)";
				SKIP_INSTALL = YES;
				SWIFT_OPTIMIZATION_LEVEL = "-Onone";
				SWIFT_VERSION = 5.0;
				TARGETED_DEVICE_FAMILY = "1,2";
			};
			name = Debug;
		};
		27D9DBA622DACD4200762AD0 /* Release */ = {
			isa = XCBuildConfiguration;
			baseConfigurationReference = 1D1FE3390B31B831598782A8 /* Pods-PickledSwift.release.xcconfig */;
			buildSettings = {
				CLANG_ENABLE_MODULES = YES;
				CODE_SIGN_IDENTITY = "";
				CODE_SIGN_STYLE = Automatic;
				DEFINES_MODULE = YES;
				DEVELOPMENT_TEAM = 363P6K3ZSX;
				DYLIB_COMPATIBILITY_VERSION = 1;
				DYLIB_CURRENT_VERSION = 1;
				DYLIB_INSTALL_NAME_BASE = "@rpath";
				INFOPLIST_FILE = "$(SRCROOT)/PickledSwift/Info.plist";
				INSTALL_PATH = "$(LOCAL_LIBRARY_DIR)/Frameworks";
				LD_RUNPATH_SEARCH_PATHS = (
					"$(inherited)",
					"@executable_path/Frameworks",
					"@loader_path/Frameworks",
				);
				PRODUCT_BUNDLE_IDENTIFIER = com.pickledGames.PickledSwift;
				PRODUCT_NAME = "$(TARGET_NAME:c99extidentifier)";
				SKIP_INSTALL = YES;
				SWIFT_VERSION = 5.0;
				TARGETED_DEVICE_FAMILY = "1,2";
			};
			name = Release;
		};
		27D9DBBB22DACD7300762AD0 /* Debug */ = {
			isa = XCBuildConfiguration;
			baseConfigurationReference = 33AFA8ADCBC302118A4E8D2E /* Pods-PickledSwiftExamples.debug.xcconfig */;
			buildSettings = {
				ASSETCATALOG_COMPILER_APPICON_NAME = AppIcon;
				CODE_SIGN_STYLE = Automatic;
				DEVELOPMENT_TEAM = 363P6K3ZSX;
				INFOPLIST_FILE = PickledSwiftExamples/Info.plist;
				LD_RUNPATH_SEARCH_PATHS = (
					"$(inherited)",
					"@executable_path/Frameworks",
				);
				PRODUCT_BUNDLE_IDENTIFIER = com.pickledGames.PickledSwiftExamples;
				PRODUCT_NAME = "$(TARGET_NAME)";
				SWIFT_VERSION = 5.0;
				TARGETED_DEVICE_FAMILY = "1,2";
			};
			name = Debug;
		};
		27D9DBBC22DACD7300762AD0 /* Release */ = {
			isa = XCBuildConfiguration;
			baseConfigurationReference = A9EFED1B390597F1AD238E1A /* Pods-PickledSwiftExamples.release.xcconfig */;
			buildSettings = {
				ASSETCATALOG_COMPILER_APPICON_NAME = AppIcon;
				CODE_SIGN_STYLE = Automatic;
				DEVELOPMENT_TEAM = 363P6K3ZSX;
				INFOPLIST_FILE = PickledSwiftExamples/Info.plist;
				LD_RUNPATH_SEARCH_PATHS = (
					"$(inherited)",
					"@executable_path/Frameworks",
				);
				PRODUCT_BUNDLE_IDENTIFIER = com.pickledGames.PickledSwiftExamples;
				PRODUCT_NAME = "$(TARGET_NAME)";
				SWIFT_VERSION = 5.0;
				TARGETED_DEVICE_FAMILY = "1,2";
			};
			name = Release;
		};
/* End XCBuildConfiguration section */

/* Begin XCConfigurationList section */
		27D9DB9622DACD4200762AD0 /* Build configuration list for PBXProject "PickledSwift" */ = {
			isa = XCConfigurationList;
			buildConfigurations = (
				27D9DBA222DACD4200762AD0 /* Debug */,
				27D9DBA322DACD4200762AD0 /* Release */,
			);
			defaultConfigurationIsVisible = 0;
			defaultConfigurationName = Release;
		};
		27D9DBA422DACD4200762AD0 /* Build configuration list for PBXNativeTarget "PickledSwift" */ = {
			isa = XCConfigurationList;
			buildConfigurations = (
				27D9DBA522DACD4200762AD0 /* Debug */,
				27D9DBA622DACD4200762AD0 /* Release */,
			);
			defaultConfigurationIsVisible = 0;
			defaultConfigurationName = Release;
		};
		27D9DBBA22DACD7300762AD0 /* Build configuration list for PBXNativeTarget "PickledSwiftExamples" */ = {
			isa = XCConfigurationList;
			buildConfigurations = (
				27D9DBBB22DACD7300762AD0 /* Debug */,
				27D9DBBC22DACD7300762AD0 /* Release */,
			);
			defaultConfigurationIsVisible = 0;
			defaultConfigurationName = Release;
		};
/* End XCConfigurationList section */
	};
	rootObject = 27D9DB9322DACD4200762AD0 /* Project object */;
}
